
Microsoft Visual Studio Solution File, Format Version 12.00
# Visual Studio Version 16
VisualStudioVersion = 16.0.29519.87
MinimumVisualStudioVersion = 10.0.40219.1
Project("{FAE04EC0-301F-11D3-BF4B-00C04F79EFBC}") = "AppSkill.Backend", "AppSkill.Backend\AppSkill.Backend.csproj", "{50038300-1D64-4794-8DE4-A8E25EA7DC04}"
EndProject
Project("{FAE04EC0-301F-11D3-BF4B-00C04F79EFBC}") = "AppSkill.DAL", "AppSkill.DAL\AppSkill.DAL.csproj", "{D76D382F-6EAA-47C9-8F19-386609D5DDAC}"
EndProject
Global
	GlobalSection(SolutionConfigurationPlatforms) = preSolution
		Debug|Any CPU = Debug|Any CPU
		Release|Any CPU = Release|Any CPU
	EndGlobalSection
	GlobalSection(ProjectConfigurationPlatforms) = postSolution
		{50038300-1D64-4794-8DE4-A8E25EA7DC04}.Debug|Any CPU.ActiveCfg = Debug|Any CPU
		{50038300-1D64-4794-8DE4-A8E25EA7DC04}.Debug|Any CPU.Build.0 = Debug|Any CPU
		{50038300-1D64-4794-8DE4-A8E25EA7DC04}.Release|Any CPU.ActiveCfg = Release|Any CPU
		{50038300-1D64-4794-8DE4-A8E25EA7DC04}.Release|Any CPU.Build.0 = Release|Any CPU
		{D76D382F-6EAA-47C9-8F19-386609D5DDAC}.Debug|Any CPU.ActiveCfg = Debug|Any CPU
		{D76D382F-6EAA-47C9-8F19-386609D5DDAC}.Debug|Any CPU.Build.0 = Debug|Any CPU
		{D76D382F-6EAA-47C9-8F19-386609D5DDAC}.Release|Any CPU.ActiveCfg = Release|Any CPU
		{D76D382F-6EAA-47C9-8F19-386609D5DDAC}.Release|Any CPU.Build.0 = Release|Any CPU
	EndGlobalSection
	GlobalSection(SolutionProperties) = preSolution
		HideSolutionNode = FALSE
	EndGlobalSection
	GlobalSection(ExtensibilityGlobals) = postSolution
		SolutionGuid = {4517FBDD-4CE8-42B2-80EC-531A9958923A}
	EndGlobalSection
EndGlobal
