
Microsoft Visual Studio Solution File, Format Version 12.00
# Visual Studio Version 16
VisualStudioVersion = 16.0.29519.87
MinimumVisualStudioVersion = 10.0.40219.1
Project("{9A19103F-16F7-4668-BE54-9A1E7A4F7556}") = "AppSkill.Backend", "AppSkill.Backend\AppSkill.Backend.csproj", "{50038300-1D64-4794-8DE4-A8E25EA7DC04}"
EndProject
Project("{9A19103F-16F7-4668-BE54-9A1E7A4F7556}") = "AppSkill.DAL", "AppSkill.DAL\AppSkill.DAL.csproj", "{D76D382F-6EAA-47C9-8F19-386609D5DDAC}"
EndProject
Project("{FAE04EC0-301F-11D3-BF4B-00C04F79EFBC}") = "AppSkill.Model", "AppSkill.Model\AppSkill.Model.csproj", "{5FA46D81-9EC7-4179-9D17-A4CF285DC16E}"
EndProject
Project("{FAE04EC0-301F-11D3-BF4B-00C04F79EFBC}") = "AppSkill.Core", "AppSkill.Core\AppSkill.Core.csproj", "{BC30EDB8-4C16-4FB3-AAD0-B5ED2F0BA0B6}"
EndProject
Project("{FAE04EC0-301F-11D3-BF4B-00C04F79EFBC}") = "AppSkill.Operation", "AppSkill.Operation\AppSkill.Operation.csproj", "{40086DC9-C263-4865-B62D-72295EE39426}"
EndProject
Project("{2150E333-8FDC-42A3-9474-1A3956D46DE8}") = "Solution Items", "Solution Items", "{265F2030-08CA-4B86-AF17-D134708248C7}"
	ProjectSection(SolutionItems) = preProject
		Startup.cs = Startup.cs
	EndProjectSection
EndProject
Global
	GlobalSection(SolutionConfigurationPlatforms) = preSolution
		Debug|Any CPU = Debug|Any CPU
		Release|Any CPU = Release|Any CPU
	EndGlobalSection
	GlobalSection(ProjectConfigurationPlatforms) = postSolution
		{50038300-1D64-4794-8DE4-A8E25EA7DC04}.Debug|Any CPU.ActiveCfg = Debug|Any CPU
		{50038300-1D64-4794-8DE4-A8E25EA7DC04}.Debug|Any CPU.Build.0 = Debug|Any CPU
		{50038300-1D64-4794-8DE4-A8E25EA7DC04}.Release|Any CPU.ActiveCfg = Release|Any CPU
		{50038300-1D64-4794-8DE4-A8E25EA7DC04}.Release|Any CPU.Build.0 = Release|Any CPU
		{D76D382F-6EAA-47C9-8F19-386609D5DDAC}.Debug|Any CPU.ActiveCfg = Debug|Any CPU
		{D76D382F-6EAA-47C9-8F19-386609D5DDAC}.Debug|Any CPU.Build.0 = Debug|Any CPU
		{D76D382F-6EAA-47C9-8F19-386609D5DDAC}.Release|Any CPU.ActiveCfg = Release|Any CPU
		{D76D382F-6EAA-47C9-8F19-386609D5DDAC}.Release|Any CPU.Build.0 = Release|Any CPU
		{5FA46D81-9EC7-4179-9D17-A4CF285DC16E}.Debug|Any CPU.ActiveCfg = Debug|Any CPU
		{5FA46D81-9EC7-4179-9D17-A4CF285DC16E}.Debug|Any CPU.Build.0 = Debug|Any CPU
		{5FA46D81-9EC7-4179-9D17-A4CF285DC16E}.Release|Any CPU.ActiveCfg = Release|Any CPU
		{5FA46D81-9EC7-4179-9D17-A4CF285DC16E}.Release|Any CPU.Build.0 = Release|Any CPU
		{BC30EDB8-4C16-4FB3-AAD0-B5ED2F0BA0B6}.Debug|Any CPU.ActiveCfg = Debug|Any CPU
		{BC30EDB8-4C16-4FB3-AAD0-B5ED2F0BA0B6}.Debug|Any CPU.Build.0 = Debug|Any CPU
		{BC30EDB8-4C16-4FB3-AAD0-B5ED2F0BA0B6}.Release|Any CPU.ActiveCfg = Release|Any CPU
		{BC30EDB8-4C16-4FB3-AAD0-B5ED2F0BA0B6}.Release|Any CPU.Build.0 = Release|Any CPU
		{40086DC9-C263-4865-B62D-72295EE39426}.Debug|Any CPU.ActiveCfg = Debug|Any CPU
		{40086DC9-C263-4865-B62D-72295EE39426}.Debug|Any CPU.Build.0 = Debug|Any CPU
		{40086DC9-C263-4865-B62D-72295EE39426}.Release|Any CPU.ActiveCfg = Release|Any CPU
		{40086DC9-C263-4865-B62D-72295EE39426}.Release|Any CPU.Build.0 = Release|Any CPU
	EndGlobalSection
	GlobalSection(SolutionProperties) = preSolution
		HideSolutionNode = FALSE
	EndGlobalSection
	GlobalSection(ExtensibilityGlobals) = postSolution
		SolutionGuid = {4517FBDD-4CE8-42B2-80EC-531A9958923A}
	EndGlobalSection
EndGlobal
